# This file is autogenerated, do not edit; changes may be undone by the next 'dep ensure'.


[[projects]]
  name = "github.com/PuerkitoBio/purell"
  packages = ["."]
  revision = "44968752391892e1b0d0b821ee79e9a85fa13049"
  version = "v1.1.1"

[[projects]]
  branch = "master"
  name = "github.com/PuerkitoBio/urlesc"
  packages = ["."]
  revision = "de5bf2ad457846296e2031421a34e2568e304e35"

[[projects]]
  name = "github.com/asaskevich/govalidator"
  packages = ["."]
  revision = "ccb8e960c48f04d6935e72476ae4a51028f9e22f"
  version = "v9"

[[projects]]
  name = "github.com/fsnotify/fsnotify"
  packages = ["."]
  revision = "c2828203cd70a50dcccfb2761f8b1f8ceef9a8e9"
  version = "v1.4.7"

[[projects]]
  branch = "master"
  name = "github.com/gin-contrib/sse"
  packages = ["."]
  revision = "5545eab6dad3bbbd6c5ae9186383c2a9d23c0dae"

[[projects]]
  name = "github.com/gin-gonic/gin"
  packages = [".","binding","json","render"]
  revision = "b869fe1415e4b9eb52f247441830d502aece2d4d"
  version = "v1.3.0"

[[projects]]
  branch = "master"
  name = "github.com/globalsign/mgo"
  packages = ["bson","internal/json"]
  revision = "eeefdecb41b842af6dc652aaea4026e8403e62df"

[[projects]]
  name = "github.com/go-openapi/analysis"
  packages = [".","internal"]
  revision = "e2f3fdbb7ed0e56e070ccbfb6fc75b288a33c014"
  version = "v0.19.0"

[[projects]]
  name = "github.com/go-openapi/errors"
  packages = ["."]
  revision = "7a7ff1b7b8020f22574411a32f28b4d168d69237"
  version = "v0.19.0"

[[projects]]
  name = "github.com/go-openapi/inflect"
  packages = ["."]
  revision = "16a898ed1f4943794fb9b0e7afb7376a7619cf21"
  version = "v0.19.0"

[[projects]]
  name = "github.com/go-openapi/jsonpointer"
  packages = ["."]
  revision = "ef5f0afec364d3b9396b7b77b43dbe26bf1f8004"
  version = "v0.19.0"

[[projects]]
  name = "github.com/go-openapi/jsonreference"
  packages = ["."]
  revision = "8483a886a90412cd6858df4ea3483dce9c8e35a3"
  version = "v0.19.0"

[[projects]]
  name = "github.com/go-openapi/loads"
  packages = [".","fmts"]
  revision = "74628589c3b94e3526a842d24f46589980f5ab22"
  version = "v0.19.0"

[[projects]]
  name = "github.com/go-openapi/runtime"
  packages = [".","logger","middleware","middleware/denco","middleware/header","middleware/untyped","security"]
  revision = "109737172424d8a656fd1199e28c9f5cc89b0cca"
  version = "v0.19.0"

[[projects]]
  name = "github.com/go-openapi/spec"
  packages = ["."]
  revision = "53d776530bf78a11b03a7b52dd8a083086b045e5"
  version = "v0.19.0"

[[projects]]
  name = "github.com/go-openapi/strfmt"
  packages = ["."]
  revision = "29177d4b5db488583bb97ebc05d3842ebeda91a8"
  version = "v0.19.0"

[[projects]]
  name = "github.com/go-openapi/swag"
  packages = ["."]
  revision = "b3e2804c8535ee0d1b89320afd98474d5b8e9e3b"
  version = "v0.19.0"

[[projects]]
  name = "github.com/go-openapi/validate"
  packages = ["."]
  revision = "5b1623be7460f5a3967a82c00d518048fb190f5e"
  version = "v0.19.0"

[[projects]]
  name = "github.com/go-swagger/go-swagger"
  packages = ["cmd/swagger","cmd/swagger/commands","cmd/swagger/commands/generate","cmd/swagger/commands/initcmd","generator","scan"]
  revision = "51061fa3be377b2ef34c70d14d2058b467009eb4"
  version = "v0.19.0"

[[projects]]
  name = "github.com/golang/protobuf"
  packages = ["proto"]
  revision = "b5d812f8a3706043e23a9cd5babf2e5423744d30"
  version = "v1.3.1"

[[projects]]
  name = "github.com/gorilla/handlers"
  packages = ["."]
  revision = "7e0847f9db758cdebd26c149d0ae9d5d0b9c98ce"
  version = "v1.4.0"

[[projects]]
  name = "github.com/hashicorp/hcl"
  packages = [".","hcl/ast","hcl/parser","hcl/printer","hcl/scanner","hcl/strconv","hcl/token","json/parser","json/scanner","json/token"]
  revision = "8cb6e5b959231cc1119e43259c4a608f9c51a241"
  version = "v1.0.0"

[[projects]]
  name = "github.com/jessevdk/go-flags"
  packages = ["."]
  revision = "c6ca198ec95c841fdb89fc0de7496fed11ab854e"
  version = "v1.4.0"

[[projects]]
  name = "github.com/json-iterator/go"
  packages = ["."]
  revision = "0ff49de124c6f76f8494e194af75bde0f1a49a29"
  version = "v1.1.6"

[[projects]]
  name = "github.com/kr/pretty"
  packages = ["."]
  revision = "73f6ac0b30a98e433b289500d779f50c1a6f0712"
  version = "v0.1.0"

[[projects]]
  name = "github.com/kr/text"
  packages = ["."]
  revision = "e2ffdb16a802fe2bb95e2e35ff34f0e53aeef34f"
  version = "v0.1.0"

[[projects]]
  name = "github.com/magiconair/properties"
  packages = ["."]
  revision = "c2353362d570a7bfa228149c62842019201cfb71"
  version = "v1.8.0"

[[projects]]
  branch = "master"
  name = "github.com/mailru/easyjson"
  packages = ["buffer","jlexer","jwriter"]
  revision = "1de009706dbeb9d05f18586f0735fcdb7c524481"

[[projects]]
  name = "github.com/mattn/go-isatty"
  packages = ["."]
  revision = "c2a7a6ca930a4cd0bc33a3f298eb71960732a3a7"
  version = "v0.0.7"

[[projects]]
  name = "github.com/mitchellh/mapstructure"
  packages = ["."]
  revision = "3536a929edddb9a5b34bd6861dc4a9647cb459fe"
  version = "v1.1.2"

[[projects]]
  name = "github.com/modern-go/concurrent"
  packages = ["."]
  revision = "bacd9c7ef1dd9b15be4a9909b8ac7a4e313eec94"
  version = "1.0.3"

[[projects]]
  name = "github.com/modern-go/reflect2"
  packages = ["."]
  revision = "4b7aa43c6742a2c18fdef89dd197aaae7dac7ccd"
  version = "1.0.1"

[[projects]]
  name = "github.com/pelletier/go-toml"
  packages = ["."]
  revision = "c01d1270ff3e442a8a57cddc1c92dc1138598194"
  version = "v1.2.0"

[[projects]]
  name = "github.com/spf13/afero"
  packages = [".","mem"]
  revision = "588a75ec4f32903aa5e39a2619ba6a4631e28424"
  version = "v1.2.2"

[[projects]]
  name = "github.com/spf13/cast"
  packages = ["."]
  revision = "8c9545af88b134710ab1cd196795e7f2388358d7"
  version = "v1.3.0"

[[projects]]
  name = "github.com/spf13/jwalterweatherman"
  packages = ["."]
  revision = "94f6ae3ed3bceceafa716478c5fbf8d29ca601a1"
  version = "v1.1.0"

[[projects]]
  name = "github.com/spf13/pflag"
  packages = ["."]
  revision = "298182f68c66c05229eb03ac171abe6e309ee79a"
  version = "v1.0.3"

[[projects]]
  name = "github.com/spf13/viper"
  packages = ["."]
  revision = "9e56dacc08fbbf8c9ee2dbc717553c758ce42bc9"
  version = "v1.3.2"

[[projects]]
  name = "github.com/toqueteos/webbrowser"
  packages = ["."]
  revision = "3232c91b8ede8ca86e8962981d881af78875542f"
  version = "v1.1"

[[projects]]
  name = "github.com/ugorji/go"
  packages = ["codec"]
  revision = "8fd0f8d918c8f0b52d0af210a812ba882cc31a1e"
  version = "v1.1.2"

[[projects]]
  branch = "master"
  name = "golang.org/x/net"
  packages = ["idna"]
  revision = "63eda1eb0650888965ead1296efd04d0b2b61128"

[[projects]]
  branch = "master"
  name = "golang.org/x/sys"
  packages = ["unix"]
  revision = "f49334f85ddcf0f08d7fb6dd7363e9e6d6b777eb"

[[projects]]
  name = "golang.org/x/text"
  packages = ["collate","collate/build","internal/colltab","internal/gen","internal/tag","internal/triegen","internal/ucd","language","secure/bidirule","transform","unicode/bidi","unicode/cldr","unicode/norm","unicode/rangetable","width"]
  revision = "f21a4dfb5e38f5895301dc265a8def02365cc3d0"
  version = "v0.3.0"

[[projects]]
  branch = "master"
  name = "golang.org/x/tools"
  packages = ["go/ast/astutil","go/buildutil","go/gcexportdata","go/internal/cgo","go/internal/gcimporter","go/internal/packagesdriver","go/loader","go/packages","go/types/typeutil","imports","internal/fastwalk","internal/gopathwalk","internal/module","internal/semver"]
  revision = "c70d86f8b7cf4b047359c1da990de8d884ddff9a"

[[projects]]
  name = "gopkg.in/go-playground/validator.v8"
  packages = ["."]
  revision = "5f1438d3fca68893a817e4a66806cea46a9e4ebf"
  version = "v8.18.2"

[[projects]]
  branch = "v2"
  name = "gopkg.in/yaml.v2"
  packages = ["."]
  revision = "7b8349ac747c6a24702b762d2c4fd9266cf4f1d6"

[solve-meta]
  analyzer-name = "dep"
  analyzer-version = 1
  inputs-digest = "d59430a8e6defb291f3030e81463c2c01e2ec8f531af2e567056b15b024c8936"
  solver-name = "gps-cdcl"
  solver-version = 1
